
Microsoft Visual Studio Solution File, Format Version 12.00
Project("{FAE04EC0-301F-11D3-BF4B-00C04F79EFBC}") = "TheGreatEscape", "TheGreatEscape\TheGreatEscape.csproj", "{9E845A2E-8098-44E9-82B5-12C8BDC8D8DF}"
EndProject
Global
	GlobalSection(SolutionConfigurationPlatforms) = preSolution
		Debug|Any CPU = Debug|Any CPU
		Release|Any CPU = Release|Any CPU
	EndGlobalSection
	GlobalSection(ProjectConfigurationPlatforms) = postSolution
		{9E845A2E-8098-44E9-82B5-12C8BDC8D8DF}.Debug|Any CPU.ActiveCfg = Debug|Any CPU
		{9E845A2E-8098-44E9-82B5-12C8BDC8D8DF}.Debug|Any CPU.Build.0 = Debug|Any CPU
		{9E845A2E-8098-44E9-82B5-12C8BDC8D8DF}.Release|Any CPU.ActiveCfg = Release|Any CPU
		{9E845A2E-8098-44E9-82B5-12C8BDC8D8DF}.Release|Any CPU.Build.0 = Release|Any CPU
	EndGlobalSection
EndGlobal
